
Microsoft Visual Studio Solution File, Format Version 12.00
# Visual Studio Version 16
VisualStudioVersion = 16.0.29519.181
MinimumVisualStudioVersion = 10.0.40219.1
Project("{FAE04EC0-301F-11D3-BF4B-00C04F79EFBC}") = "Common", "..\Common\Common.csproj", "{D1CF492B-2577-4368-84B4-D74A548ED166}"
EndProject
Project("{FAE04EC0-301F-11D3-BF4B-00C04F79EFBC}") = "TheLastCrusade1", "TheLastCrusade1\TheLastCrusade1.csproj", "{ED5BAF7F-3EE9-4852-AE36-218ED6FD53AB}"
EndProject
Global
	GlobalSection(SolutionConfigurationPlatforms) = preSolution
		Debug|Any CPU = Debug|Any CPU
		Release|Any CPU = Release|Any CPU
	EndGlobalSection
	GlobalSection(ProjectConfigurationPlatforms) = postSolution
		{D1CF492B-2577-4368-84B4-D74A548ED166}.Debug|Any CPU.ActiveCfg = Debug|Any CPU
		{D1CF492B-2577-4368-84B4-D74A548ED166}.Debug|Any CPU.Build.0 = Debug|Any CPU
		{D1CF492B-2577-4368-84B4-D74A548ED166}.Release|Any CPU.ActiveCfg = Release|Any CPU
		{D1CF492B-2577-4368-84B4-D74A548ED166}.Release|Any CPU.Build.0 = Release|Any CPU
		{ED5BAF7F-3EE9-4852-AE36-218ED6FD53AB}.Debug|Any CPU.ActiveCfg = Debug|Any CPU
		{ED5BAF7F-3EE9-4852-AE36-218ED6FD53AB}.Debug|Any CPU.Build.0 = Debug|Any CPU
		{ED5BAF7F-3EE9-4852-AE36-218ED6FD53AB}.Release|Any CPU.ActiveCfg = Release|Any CPU
		{ED5BAF7F-3EE9-4852-AE36-218ED6FD53AB}.Release|Any CPU.Build.0 = Release|Any CPU
	EndGlobalSection
	GlobalSection(SolutionProperties) = preSolution
		HideSolutionNode = FALSE
	EndGlobalSection
	GlobalSection(ExtensibilityGlobals) = postSolution
		SolutionGuid = {1B0E2882-156F-4D48-9605-6C22CCF7E61F}
	EndGlobalSection
EndGlobal
