
Microsoft Visual Studio Solution File, Format Version 12.00
# Visual Studio 15
VisualStudioVersion = 15.0.27703.2026
MinimumVisualStudioVersion = 10.0.40219.1
Project("{FAE04EC0-301F-11D3-BF4B-00C04F79EFBC}") = "CodeAlaMode", "CodeAlaMode\CodeAlaMode.csproj", "{8BCD41E5-E921-45F9-A8E4-5BB6EE24E581}"
EndProject
Global
	GlobalSection(SolutionConfigurationPlatforms) = preSolution
		Debug|Any CPU = Debug|Any CPU
		Release|Any CPU = Release|Any CPU
	EndGlobalSection
	GlobalSection(ProjectConfigurationPlatforms) = postSolution
		{8BCD41E5-E921-45F9-A8E4-5BB6EE24E581}.Debug|Any CPU.ActiveCfg = Debug|Any CPU
		{8BCD41E5-E921-45F9-A8E4-5BB6EE24E581}.Debug|Any CPU.Build.0 = Debug|Any CPU
		{8BCD41E5-E921-45F9-A8E4-5BB6EE24E581}.Release|Any CPU.ActiveCfg = Release|Any CPU
		{8BCD41E5-E921-45F9-A8E4-5BB6EE24E581}.Release|Any CPU.Build.0 = Release|Any CPU
	EndGlobalSection
	GlobalSection(SolutionProperties) = preSolution
		HideSolutionNode = FALSE
	EndGlobalSection
	GlobalSection(ExtensibilityGlobals) = postSolution
		SolutionGuid = {1117B603-43FC-435D-88D7-7478D6BE39A7}
	EndGlobalSection
EndGlobal
